
Microsoft Visual Studio Solution File, Format Version 12.00
# Visual Studio Version 17
VisualStudioVersion = 17.6.33829.357
MinimumVisualStudioVersion = 10.0.40219.1
Project("{FAE04EC0-301F-11D3-BF4B-00C04F79EFBC}") = "HomeAutomationApp", "HomeAutomationApp\HomeAutomationApp.csproj", "{640DEEC0-9C03-441D-976E-3EFC6EC75EBB}"
EndProject
Project("{FAE04EC0-301F-11D3-BF4B-00C04F79EFBC}") = "HomeAutomationApp.Tests", "HomeAutomationApp.Tests\HomeAutomationApp.Tests.csproj", "{3DD7F8A8-338A-4813-A025-F2A75A753BD5}"
EndProject
Global
	GlobalSection(SolutionConfigurationPlatforms) = preSolution
		Debug|Any CPU = Debug|Any CPU
		Release|Any CPU = Release|Any CPU
	EndGlobalSection
	GlobalSection(ProjectConfigurationPlatforms) = postSolution
		{640DEEC0-9C03-441D-976E-3EFC6EC75EBB}.Debug|Any CPU.ActiveCfg = Debug|Any CPU
		{640DEEC0-9C03-441D-976E-3EFC6EC75EBB}.Debug|Any CPU.Build.0 = Debug|Any CPU
		{640DEEC0-9C03-441D-976E-3EFC6EC75EBB}.Release|Any CPU.ActiveCfg = Release|Any CPU
		{640DEEC0-9C03-441D-976E-3EFC6EC75EBB}.Release|Any CPU.Build.0 = Release|Any CPU
		{3DD7F8A8-338A-4813-A025-F2A75A753BD5}.Debug|Any CPU.ActiveCfg = Debug|Any CPU
		{3DD7F8A8-338A-4813-A025-F2A75A753BD5}.Debug|Any CPU.Build.0 = Debug|Any CPU
		{3DD7F8A8-338A-4813-A025-F2A75A753BD5}.Release|Any CPU.ActiveCfg = Release|Any CPU
		{3DD7F8A8-338A-4813-A025-F2A75A753BD5}.Release|Any CPU.Build.0 = Release|Any CPU
	EndGlobalSection
	GlobalSection(SolutionProperties) = preSolution
		HideSolutionNode = FALSE
	EndGlobalSection
	GlobalSection(ExtensibilityGlobals) = postSolution
		SolutionGuid = {EDAB2A6D-A239-4C95-97FC-1C5709A591C2}
	EndGlobalSection
EndGlobal
